
Microsoft Visual Studio Solution File, Format Version 12.00
Project("{FAE04EC0-301F-11D3-BF4B-00C04F79EFBC}") = "OkanUI", "OkanUI.csproj", "{70520A8E-44DB-43E2-A853-D0E361AB3AF3}"
EndProject
Global
	GlobalSection(SolutionConfigurationPlatforms) = preSolution
		Debug|Any CPU = Debug|Any CPU
		Release|Any CPU = Release|Any CPU
	EndGlobalSection
	GlobalSection(ProjectConfigurationPlatforms) = postSolution
		{70520A8E-44DB-43E2-A853-D0E361AB3AF3}.Debug|Any CPU.ActiveCfg = Debug|Any CPU
		{70520A8E-44DB-43E2-A853-D0E361AB3AF3}.Debug|Any CPU.Build.0 = Debug|Any CPU
		{70520A8E-44DB-43E2-A853-D0E361AB3AF3}.Release|Any CPU.ActiveCfg = Release|Any CPU
		{70520A8E-44DB-43E2-A853-D0E361AB3AF3}.Release|Any CPU.Build.0 = Release|Any CPU
	EndGlobalSection
EndGlobal
